
Microsoft Visual Studio Solution File, Format Version 12.00
# Visual Studio Version 17
VisualStudioVersion = 17.0.32014.148
MinimumVisualStudioVersion = 10.0.40219.1
Project("{FAE04EC0-301F-11D3-BF4B-00C04F79EFBC}") = "HackerNews.Proxy", "HackerNews.Proxy\HackerNews.Proxy.csproj", "{BC85856F-0B22-4A71-9C8E-01F5F3FACE1E}"
EndProject
Global
	GlobalSection(SolutionConfigurationPlatforms) = preSolution
		Debug|Any CPU = Debug|Any CPU
		Release|Any CPU = Release|Any CPU
	EndGlobalSection
	GlobalSection(ProjectConfigurationPlatforms) = postSolution
		{BC85856F-0B22-4A71-9C8E-01F5F3FACE1E}.Debug|Any CPU.ActiveCfg = Debug|Any CPU
		{BC85856F-0B22-4A71-9C8E-01F5F3FACE1E}.Debug|Any CPU.Build.0 = Debug|Any CPU
		{BC85856F-0B22-4A71-9C8E-01F5F3FACE1E}.Release|Any CPU.ActiveCfg = Release|Any CPU
		{BC85856F-0B22-4A71-9C8E-01F5F3FACE1E}.Release|Any CPU.Build.0 = Release|Any CPU
	EndGlobalSection
	GlobalSection(SolutionProperties) = preSolution
		HideSolutionNode = FALSE
	EndGlobalSection
	GlobalSection(ExtensibilityGlobals) = postSolution
		SolutionGuid = {45576B98-2017-46CC-9A86-8BD94E5A6F46}
	EndGlobalSection
EndGlobal
